
Microsoft Visual Studio Solution File, Format Version 12.00
# Visual Studio 15
VisualStudioVersion = 15.0.27130.2020
MinimumVisualStudioVersion = 10.0.40219.1
Project("{FAE04EC0-301F-11D3-BF4B-00C04F79EFBC}") = "GetterBot", "GetterBot\GetterBot.csproj", "{9E81E36E-179E-49DB-84EB-0F79F6940FA7}"
EndProject
Global
	GlobalSection(SolutionConfigurationPlatforms) = preSolution
		Debug|Any CPU = Debug|Any CPU
		Release|Any CPU = Release|Any CPU
	EndGlobalSection
	GlobalSection(ProjectConfigurationPlatforms) = postSolution
		{9E81E36E-179E-49DB-84EB-0F79F6940FA7}.Debug|Any CPU.ActiveCfg = Debug|Any CPU
		{9E81E36E-179E-49DB-84EB-0F79F6940FA7}.Debug|Any CPU.Build.0 = Debug|Any CPU
		{9E81E36E-179E-49DB-84EB-0F79F6940FA7}.Release|Any CPU.ActiveCfg = Release|Any CPU
		{9E81E36E-179E-49DB-84EB-0F79F6940FA7}.Release|Any CPU.Build.0 = Release|Any CPU
	EndGlobalSection
	GlobalSection(SolutionProperties) = preSolution
		HideSolutionNode = FALSE
	EndGlobalSection
	GlobalSection(ExtensibilityGlobals) = postSolution
		SolutionGuid = {D1F77F63-9ADF-42C7-AF8B-3C09FC7F39D5}
	EndGlobalSection
EndGlobal
